
Microsoft Visual Studio Solution File, Format Version 12.00
# Visual Studio Version 17
VisualStudioVersion = 17.0.32014.148
MinimumVisualStudioVersion = 10.0.40219.1
Project("{FAE04EC0-301F-11D3-BF4B-00C04F79EFBC}") = "XHostingCommunityPanel", "XHostingCommunityPanel\XHostingCommunityPanel.csproj", "{6C5654F0-A237-40EE-AA09-E8FD946CE585}"
EndProject
Project("{FAE04EC0-301F-11D3-BF4B-00C04F79EFBC}") = "XHostingSoftware.Lib", "XHostingSoftware.Lib\XHostingSoftware.Lib.csproj", "{4A0A7514-4A0E-4E86-BD56-0FA2A867BB60}"
EndProject
Global
	GlobalSection(SolutionConfigurationPlatforms) = preSolution
		Debug|Any CPU = Debug|Any CPU
		Release|Any CPU = Release|Any CPU
	EndGlobalSection
	GlobalSection(ProjectConfigurationPlatforms) = postSolution
		{6C5654F0-A237-40EE-AA09-E8FD946CE585}.Debug|Any CPU.ActiveCfg = Debug|Any CPU
		{6C5654F0-A237-40EE-AA09-E8FD946CE585}.Debug|Any CPU.Build.0 = Debug|Any CPU
		{6C5654F0-A237-40EE-AA09-E8FD946CE585}.Release|Any CPU.ActiveCfg = Release|Any CPU
		{6C5654F0-A237-40EE-AA09-E8FD946CE585}.Release|Any CPU.Build.0 = Release|Any CPU
		{4A0A7514-4A0E-4E86-BD56-0FA2A867BB60}.Debug|Any CPU.ActiveCfg = Debug|Any CPU
		{4A0A7514-4A0E-4E86-BD56-0FA2A867BB60}.Debug|Any CPU.Build.0 = Debug|Any CPU
		{4A0A7514-4A0E-4E86-BD56-0FA2A867BB60}.Release|Any CPU.ActiveCfg = Release|Any CPU
		{4A0A7514-4A0E-4E86-BD56-0FA2A867BB60}.Release|Any CPU.Build.0 = Release|Any CPU
	EndGlobalSection
	GlobalSection(SolutionProperties) = preSolution
		HideSolutionNode = FALSE
	EndGlobalSection
	GlobalSection(ExtensibilityGlobals) = postSolution
		SolutionGuid = {F4CB5B0C-21F8-44C8-8068-4C469BE47784}
	EndGlobalSection
EndGlobal
